
Microsoft Visual Studio Solution File, Format Version 12.00
# Visual Studio Version 16
VisualStudioVersion = 16.0.32106.194
MinimumVisualStudioVersion = 10.0.40219.1
Project("{FAE04EC0-301F-11D3-BF4B-00C04F79EFBC}") = "InsaManageMentSystem", "InsaManageMentSystem\InsaManageMentSystem.csproj", "{E2DE334B-C482-427F-AC4A-824DBDCBE1C9}"
EndProject
Project("{FAE04EC0-301F-11D3-BF4B-00C04F79EFBC}") = "CommonTaskModules", "CommonTaskModules\CommonTaskModules.csproj", "{5BB43153-8935-4BE4-95C1-1CE10A652D35}"
EndProject
Project("{FAE04EC0-301F-11D3-BF4B-00C04F79EFBC}") = "Task001", "Task001\Task001.csproj", "{5609BA68-8816-452F-81C6-4AFCEB2C4519}"
EndProject
Project("{FAE04EC0-301F-11D3-BF4B-00C04F79EFBC}") = "Task002", "Task002\Task002.csproj", "{4CE2605D-AB72-4ED8-A615-859A4572FD8B}"
EndProject
Project("{FAE04EC0-301F-11D3-BF4B-00C04F79EFBC}") = "Task003", "Task003\Task003.csproj", "{5B04A797-BC58-4297-B216-00AC1056B21C}"
EndProject
Project("{FAE04EC0-301F-11D3-BF4B-00C04F79EFBC}") = "Task004", "Task004\Task004.csproj", "{BF8CEA46-7572-4286-87D6-3A6386FF7E2E}"
EndProject
Project("{FAE04EC0-301F-11D3-BF4B-00C04F79EFBC}") = "Task005", "Task005\Task005.csproj", "{33A368F0-7B9C-4D3B-8942-1138D3D0ABE0}"
EndProject
Project("{FAE04EC0-301F-11D3-BF4B-00C04F79EFBC}") = "Task006", "Task006\Task006.csproj", "{CFC9EED3-5341-40AE-AB47-E9F2132D07ED}"
EndProject
Project("{FAE04EC0-301F-11D3-BF4B-00C04F79EFBC}") = "Task007", "Task007\Task007.csproj", "{C5A8C1EA-0489-4F91-AC2E-5BB70B61289F}"
EndProject
Project("{FAE04EC0-301F-11D3-BF4B-00C04F79EFBC}") = "Task008", "Task008\Task008.csproj", "{444E2D75-374C-4E05-BBE0-16257F636194}"
EndProject
Project("{FAE04EC0-301F-11D3-BF4B-00C04F79EFBC}") = "Task009", "Task009\Task009.csproj", "{96C37F01-8023-452A-8FDB-CF74FCC91930}"
EndProject
Project("{FAE04EC0-301F-11D3-BF4B-00C04F79EFBC}") = "Task010", "Task010\Task010.csproj", "{B6B1A3FD-4F90-481E-9827-C6F36F4B6EDF}"
EndProject
Project("{FAE04EC0-301F-11D3-BF4B-00C04F79EFBC}") = "Task013", "Task013\Task013.csproj", "{3C1CE6BB-8797-4CA7-A5F6-708D10D727A0}"
EndProject
Project("{FAE04EC0-301F-11D3-BF4B-00C04F79EFBC}") = "Task011", "Task011\Task011.csproj", "{0F7E42DC-2F8D-4470-83A8-B271FB6CD254}"
EndProject
Project("{FAE04EC0-301F-11D3-BF4B-00C04F79EFBC}") = "Task012", "Task012\Task012.csproj", "{19005A1B-2A57-456C-B0BD-FDD74C0FA52F}"
EndProject
Project("{FAE04EC0-301F-11D3-BF4B-00C04F79EFBC}") = "Task014", "Task014\Task014.csproj", "{757EC70C-6E8A-4831-BCFB-8217CA00F13E}"
EndProject
Project("{FAE04EC0-301F-11D3-BF4B-00C04F79EFBC}") = "Task015", "Task015\Task015.csproj", "{BE695818-EE8D-48CF-AF8E-E033F7B6256B}"
EndProject
Project("{FAE04EC0-301F-11D3-BF4B-00C04F79EFBC}") = "CommonTaskModel", "CommonTaskModel\CommonTaskModel.csproj", "{96CD18C5-9724-4054-9F24-DA91428110C6}"
EndProject
Project("{FAE04EC0-301F-11D3-BF4B-00C04F79EFBC}") = "Task016", "Task016\Task016.csproj", "{285E0129-83E9-4783-8D75-98896E9F64B8}"
EndProject
Project("{FAE04EC0-301F-11D3-BF4B-00C04F79EFBC}") = "Task017", "Task017\Task017.csproj", "{91D8A466-9FE2-47E2-8D3C-6A1C7A27BF89}"
EndProject
Project("{FAE04EC0-301F-11D3-BF4B-00C04F79EFBC}") = "Task018", "Task018\Task018.csproj", "{F91F5C62-41D8-4FEB-B2A4-F24FCA0021EE}"
EndProject
Project("{FAE04EC0-301F-11D3-BF4B-00C04F79EFBC}") = "Task021", "Task021\Task021.csproj", "{FE5C7518-EF03-4065-9376-D74465FF0E0B}"
EndProject
Global
	GlobalSection(SolutionConfigurationPlatforms) = preSolution
		Debug|Any CPU = Debug|Any CPU
		DebugOther|Any CPU = DebugOther|Any CPU
		Release|Any CPU = Release|Any CPU
	EndGlobalSection
	GlobalSection(ProjectConfigurationPlatforms) = postSolution
		{E2DE334B-C482-427F-AC4A-824DBDCBE1C9}.Debug|Any CPU.ActiveCfg = Debug|Any CPU
		{E2DE334B-C482-427F-AC4A-824DBDCBE1C9}.Debug|Any CPU.Build.0 = Debug|Any CPU
		{E2DE334B-C482-427F-AC4A-824DBDCBE1C9}.DebugOther|Any CPU.ActiveCfg = Debug|Any CPU
		{E2DE334B-C482-427F-AC4A-824DBDCBE1C9}.DebugOther|Any CPU.Build.0 = Debug|Any CPU
		{E2DE334B-C482-427F-AC4A-824DBDCBE1C9}.Release|Any CPU.ActiveCfg = Release|Any CPU
		{E2DE334B-C482-427F-AC4A-824DBDCBE1C9}.Release|Any CPU.Build.0 = Release|Any CPU
		{5BB43153-8935-4BE4-95C1-1CE10A652D35}.Debug|Any CPU.ActiveCfg = Debug|Any CPU
		{5BB43153-8935-4BE4-95C1-1CE10A652D35}.Debug|Any CPU.Build.0 = Debug|Any CPU
		{5BB43153-8935-4BE4-95C1-1CE10A652D35}.DebugOther|Any CPU.ActiveCfg = Debug|Any CPU
		{5BB43153-8935-4BE4-95C1-1CE10A652D35}.DebugOther|Any CPU.Build.0 = Debug|Any CPU
		{5BB43153-8935-4BE4-95C1-1CE10A652D35}.Release|Any CPU.ActiveCfg = Release|Any CPU
		{5BB43153-8935-4BE4-95C1-1CE10A652D35}.Release|Any CPU.Build.0 = Release|Any CPU
		{5609BA68-8816-452F-81C6-4AFCEB2C4519}.Debug|Any CPU.ActiveCfg = Debug|Any CPU
		{5609BA68-8816-452F-81C6-4AFCEB2C4519}.Debug|Any CPU.Build.0 = Debug|Any CPU
		{5609BA68-8816-452F-81C6-4AFCEB2C4519}.DebugOther|Any CPU.ActiveCfg = Debug|Any CPU
		{5609BA68-8816-452F-81C6-4AFCEB2C4519}.DebugOther|Any CPU.Build.0 = Debug|Any CPU
		{5609BA68-8816-452F-81C6-4AFCEB2C4519}.Release|Any CPU.ActiveCfg = Release|Any CPU
		{5609BA68-8816-452F-81C6-4AFCEB2C4519}.Release|Any CPU.Build.0 = Release|Any CPU
		{4CE2605D-AB72-4ED8-A615-859A4572FD8B}.Debug|Any CPU.ActiveCfg = Debug|Any CPU
		{4CE2605D-AB72-4ED8-A615-859A4572FD8B}.Debug|Any CPU.Build.0 = Debug|Any CPU
		{4CE2605D-AB72-4ED8-A615-859A4572FD8B}.DebugOther|Any CPU.ActiveCfg = Debug|Any CPU
		{4CE2605D-AB72-4ED8-A615-859A4572FD8B}.DebugOther|Any CPU.Build.0 = Debug|Any CPU
		{4CE2605D-AB72-4ED8-A615-859A4572FD8B}.Release|Any CPU.ActiveCfg = Release|Any CPU
		{4CE2605D-AB72-4ED8-A615-859A4572FD8B}.Release|Any CPU.Build.0 = Release|Any CPU
		{5B04A797-BC58-4297-B216-00AC1056B21C}.Debug|Any CPU.ActiveCfg = Debug|Any CPU
		{5B04A797-BC58-4297-B216-00AC1056B21C}.Debug|Any CPU.Build.0 = Debug|Any CPU
		{5B04A797-BC58-4297-B216-00AC1056B21C}.DebugOther|Any CPU.ActiveCfg = Debug|Any CPU
		{5B04A797-BC58-4297-B216-00AC1056B21C}.DebugOther|Any CPU.Build.0 = Debug|Any CPU
		{5B04A797-BC58-4297-B216-00AC1056B21C}.Release|Any CPU.ActiveCfg = Release|Any CPU
		{5B04A797-BC58-4297-B216-00AC1056B21C}.Release|Any CPU.Build.0 = Release|Any CPU
		{BF8CEA46-7572-4286-87D6-3A6386FF7E2E}.Debug|Any CPU.ActiveCfg = Debug|Any CPU
		{BF8CEA46-7572-4286-87D6-3A6386FF7E2E}.Debug|Any CPU.Build.0 = Debug|Any CPU
		{BF8CEA46-7572-4286-87D6-3A6386FF7E2E}.DebugOther|Any CPU.ActiveCfg = Debug|Any CPU
		{BF8CEA46-7572-4286-87D6-3A6386FF7E2E}.DebugOther|Any CPU.Build.0 = Debug|Any CPU
		{BF8CEA46-7572-4286-87D6-3A6386FF7E2E}.Release|Any CPU.ActiveCfg = Release|Any CPU
		{BF8CEA46-7572-4286-87D6-3A6386FF7E2E}.Release|Any CPU.Build.0 = Release|Any CPU
		{33A368F0-7B9C-4D3B-8942-1138D3D0ABE0}.Debug|Any CPU.ActiveCfg = Debug|Any CPU
		{33A368F0-7B9C-4D3B-8942-1138D3D0ABE0}.Debug|Any CPU.Build.0 = Debug|Any CPU
		{33A368F0-7B9C-4D3B-8942-1138D3D0ABE0}.DebugOther|Any CPU.ActiveCfg = Debug|Any CPU
		{33A368F0-7B9C-4D3B-8942-1138D3D0ABE0}.DebugOther|Any CPU.Build.0 = Debug|Any CPU
		{33A368F0-7B9C-4D3B-8942-1138D3D0ABE0}.Release|Any CPU.ActiveCfg = Release|Any CPU
		{33A368F0-7B9C-4D3B-8942-1138D3D0ABE0}.Release|Any CPU.Build.0 = Release|Any CPU
		{CFC9EED3-5341-40AE-AB47-E9F2132D07ED}.Debug|Any CPU.ActiveCfg = Debug|Any CPU
		{CFC9EED3-5341-40AE-AB47-E9F2132D07ED}.Debug|Any CPU.Build.0 = Debug|Any CPU
		{CFC9EED3-5341-40AE-AB47-E9F2132D07ED}.DebugOther|Any CPU.ActiveCfg = Debug|Any CPU
		{CFC9EED3-5341-40AE-AB47-E9F2132D07ED}.DebugOther|Any CPU.Build.0 = Debug|Any CPU
		{CFC9EED3-5341-40AE-AB47-E9F2132D07ED}.Release|Any CPU.ActiveCfg = Release|Any CPU
		{CFC9EED3-5341-40AE-AB47-E9F2132D07ED}.Release|Any CPU.Build.0 = Release|Any CPU
		{C5A8C1EA-0489-4F91-AC2E-5BB70B61289F}.Debug|Any CPU.ActiveCfg = Debug|Any CPU
		{C5A8C1EA-0489-4F91-AC2E-5BB70B61289F}.Debug|Any CPU.Build.0 = Debug|Any CPU
		{C5A8C1EA-0489-4F91-AC2E-5BB70B61289F}.DebugOther|Any CPU.ActiveCfg = Debug|Any CPU
		{C5A8C1EA-0489-4F91-AC2E-5BB70B61289F}.DebugOther|Any CPU.Build.0 = Debug|Any CPU
		{C5A8C1EA-0489-4F91-AC2E-5BB70B61289F}.Release|Any CPU.ActiveCfg = Release|Any CPU
		{C5A8C1EA-0489-4F91-AC2E-5BB70B61289F}.Release|Any CPU.Build.0 = Release|Any CPU
		{444E2D75-374C-4E05-BBE0-16257F636194}.Debug|Any CPU.ActiveCfg = Debug|Any CPU
		{444E2D75-374C-4E05-BBE0-16257F636194}.Debug|Any CPU.Build.0 = Debug|Any CPU
		{444E2D75-374C-4E05-BBE0-16257F636194}.DebugOther|Any CPU.ActiveCfg = Debug|Any CPU
		{444E2D75-374C-4E05-BBE0-16257F636194}.DebugOther|Any CPU.Build.0 = Debug|Any CPU
		{444E2D75-374C-4E05-BBE0-16257F636194}.Release|Any CPU.ActiveCfg = Release|Any CPU
		{444E2D75-374C-4E05-BBE0-16257F636194}.Release|Any CPU.Build.0 = Release|Any CPU
		{96C37F01-8023-452A-8FDB-CF74FCC91930}.Debug|Any CPU.ActiveCfg = Debug|Any CPU
		{96C37F01-8023-452A-8FDB-CF74FCC91930}.Debug|Any CPU.Build.0 = Debug|Any CPU
		{96C37F01-8023-452A-8FDB-CF74FCC91930}.DebugOther|Any CPU.ActiveCfg = Debug|Any CPU
		{96C37F01-8023-452A-8FDB-CF74FCC91930}.DebugOther|Any CPU.Build.0 = Debug|Any CPU
		{96C37F01-8023-452A-8FDB-CF74FCC91930}.Release|Any CPU.ActiveCfg = Release|Any CPU
		{96C37F01-8023-452A-8FDB-CF74FCC91930}.Release|Any CPU.Build.0 = Release|Any CPU
		{B6B1A3FD-4F90-481E-9827-C6F36F4B6EDF}.Debug|Any CPU.ActiveCfg = Debug|Any CPU
		{B6B1A3FD-4F90-481E-9827-C6F36F4B6EDF}.Debug|Any CPU.Build.0 = Debug|Any CPU
		{B6B1A3FD-4F90-481E-9827-C6F36F4B6EDF}.DebugOther|Any CPU.ActiveCfg = Debug|Any CPU
		{B6B1A3FD-4F90-481E-9827-C6F36F4B6EDF}.DebugOther|Any CPU.Build.0 = Debug|Any CPU
		{B6B1A3FD-4F90-481E-9827-C6F36F4B6EDF}.Release|Any CPU.ActiveCfg = Release|Any CPU
		{B6B1A3FD-4F90-481E-9827-C6F36F4B6EDF}.Release|Any CPU.Build.0 = Release|Any CPU
		{3C1CE6BB-8797-4CA7-A5F6-708D10D727A0}.Debug|Any CPU.ActiveCfg = Debug|Any CPU
		{3C1CE6BB-8797-4CA7-A5F6-708D10D727A0}.Debug|Any CPU.Build.0 = Debug|Any CPU
		{3C1CE6BB-8797-4CA7-A5F6-708D10D727A0}.DebugOther|Any CPU.ActiveCfg = Debug|Any CPU
		{3C1CE6BB-8797-4CA7-A5F6-708D10D727A0}.DebugOther|Any CPU.Build.0 = Debug|Any CPU
		{3C1CE6BB-8797-4CA7-A5F6-708D10D727A0}.Release|Any CPU.ActiveCfg = Release|Any CPU
		{3C1CE6BB-8797-4CA7-A5F6-708D10D727A0}.Release|Any CPU.Build.0 = Release|Any CPU
		{0F7E42DC-2F8D-4470-83A8-B271FB6CD254}.Debug|Any CPU.ActiveCfg = Debug|Any CPU
		{0F7E42DC-2F8D-4470-83A8-B271FB6CD254}.Debug|Any CPU.Build.0 = Debug|Any CPU
		{0F7E42DC-2F8D-4470-83A8-B271FB6CD254}.DebugOther|Any CPU.ActiveCfg = Debug|Any CPU
		{0F7E42DC-2F8D-4470-83A8-B271FB6CD254}.DebugOther|Any CPU.Build.0 = Debug|Any CPU
		{0F7E42DC-2F8D-4470-83A8-B271FB6CD254}.Release|Any CPU.ActiveCfg = Release|Any CPU
		{0F7E42DC-2F8D-4470-83A8-B271FB6CD254}.Release|Any CPU.Build.0 = Release|Any CPU
		{19005A1B-2A57-456C-B0BD-FDD74C0FA52F}.Debug|Any CPU.ActiveCfg = Debug|Any CPU
		{19005A1B-2A57-456C-B0BD-FDD74C0FA52F}.Debug|Any CPU.Build.0 = Debug|Any CPU
		{19005A1B-2A57-456C-B0BD-FDD74C0FA52F}.DebugOther|Any CPU.ActiveCfg = Debug|Any CPU
		{19005A1B-2A57-456C-B0BD-FDD74C0FA52F}.DebugOther|Any CPU.Build.0 = Debug|Any CPU
		{19005A1B-2A57-456C-B0BD-FDD74C0FA52F}.Release|Any CPU.ActiveCfg = Release|Any CPU
		{19005A1B-2A57-456C-B0BD-FDD74C0FA52F}.Release|Any CPU.Build.0 = Release|Any CPU
		{757EC70C-6E8A-4831-BCFB-8217CA00F13E}.Debug|Any CPU.ActiveCfg = Debug|Any CPU
		{757EC70C-6E8A-4831-BCFB-8217CA00F13E}.Debug|Any CPU.Build.0 = Debug|Any CPU
		{757EC70C-6E8A-4831-BCFB-8217CA00F13E}.DebugOther|Any CPU.ActiveCfg = Debug|Any CPU
		{757EC70C-6E8A-4831-BCFB-8217CA00F13E}.DebugOther|Any CPU.Build.0 = Debug|Any CPU
		{757EC70C-6E8A-4831-BCFB-8217CA00F13E}.Release|Any CPU.ActiveCfg = Release|Any CPU
		{757EC70C-6E8A-4831-BCFB-8217CA00F13E}.Release|Any CPU.Build.0 = Release|Any CPU
		{BE695818-EE8D-48CF-AF8E-E033F7B6256B}.Debug|Any CPU.ActiveCfg = Debug|Any CPU
		{BE695818-EE8D-48CF-AF8E-E033F7B6256B}.Debug|Any CPU.Build.0 = Debug|Any CPU
		{BE695818-EE8D-48CF-AF8E-E033F7B6256B}.DebugOther|Any CPU.ActiveCfg = Debug|Any CPU
		{BE695818-EE8D-48CF-AF8E-E033F7B6256B}.DebugOther|Any CPU.Build.0 = Debug|Any CPU
		{BE695818-EE8D-48CF-AF8E-E033F7B6256B}.Release|Any CPU.ActiveCfg = Release|Any CPU
		{BE695818-EE8D-48CF-AF8E-E033F7B6256B}.Release|Any CPU.Build.0 = Release|Any CPU
		{96CD18C5-9724-4054-9F24-DA91428110C6}.Debug|Any CPU.ActiveCfg = Debug|Any CPU
		{96CD18C5-9724-4054-9F24-DA91428110C6}.Debug|Any CPU.Build.0 = Debug|Any CPU
		{96CD18C5-9724-4054-9F24-DA91428110C6}.DebugOther|Any CPU.ActiveCfg = Debug|Any CPU
		{96CD18C5-9724-4054-9F24-DA91428110C6}.DebugOther|Any CPU.Build.0 = Debug|Any CPU
		{96CD18C5-9724-4054-9F24-DA91428110C6}.Release|Any CPU.ActiveCfg = Release|Any CPU
		{96CD18C5-9724-4054-9F24-DA91428110C6}.Release|Any CPU.Build.0 = Release|Any CPU
		{285E0129-83E9-4783-8D75-98896E9F64B8}.Debug|Any CPU.ActiveCfg = Debug|Any CPU
		{285E0129-83E9-4783-8D75-98896E9F64B8}.Debug|Any CPU.Build.0 = Debug|Any CPU
		{285E0129-83E9-4783-8D75-98896E9F64B8}.DebugOther|Any CPU.ActiveCfg = Debug|Any CPU
		{285E0129-83E9-4783-8D75-98896E9F64B8}.DebugOther|Any CPU.Build.0 = Debug|Any CPU
		{285E0129-83E9-4783-8D75-98896E9F64B8}.Release|Any CPU.ActiveCfg = Release|Any CPU
		{285E0129-83E9-4783-8D75-98896E9F64B8}.Release|Any CPU.Build.0 = Release|Any CPU
		{91D8A466-9FE2-47E2-8D3C-6A1C7A27BF89}.Debug|Any CPU.ActiveCfg = Debug|Any CPU
		{91D8A466-9FE2-47E2-8D3C-6A1C7A27BF89}.Debug|Any CPU.Build.0 = Debug|Any CPU
		{91D8A466-9FE2-47E2-8D3C-6A1C7A27BF89}.DebugOther|Any CPU.ActiveCfg = Debug|Any CPU
		{91D8A466-9FE2-47E2-8D3C-6A1C7A27BF89}.DebugOther|Any CPU.Build.0 = Debug|Any CPU
		{91D8A466-9FE2-47E2-8D3C-6A1C7A27BF89}.Release|Any CPU.ActiveCfg = Release|Any CPU
		{91D8A466-9FE2-47E2-8D3C-6A1C7A27BF89}.Release|Any CPU.Build.0 = Release|Any CPU
		{F91F5C62-41D8-4FEB-B2A4-F24FCA0021EE}.Debug|Any CPU.ActiveCfg = Debug|Any CPU
		{F91F5C62-41D8-4FEB-B2A4-F24FCA0021EE}.Debug|Any CPU.Build.0 = Debug|Any CPU
		{F91F5C62-41D8-4FEB-B2A4-F24FCA0021EE}.DebugOther|Any CPU.ActiveCfg = Debug|Any CPU
		{F91F5C62-41D8-4FEB-B2A4-F24FCA0021EE}.DebugOther|Any CPU.Build.0 = Debug|Any CPU
		{F91F5C62-41D8-4FEB-B2A4-F24FCA0021EE}.Release|Any CPU.ActiveCfg = Release|Any CPU
		{F91F5C62-41D8-4FEB-B2A4-F24FCA0021EE}.Release|Any CPU.Build.0 = Release|Any CPU
		{FE5C7518-EF03-4065-9376-D74465FF0E0B}.Debug|Any CPU.ActiveCfg = Debug|Any CPU
		{FE5C7518-EF03-4065-9376-D74465FF0E0B}.Debug|Any CPU.Build.0 = Debug|Any CPU
		{FE5C7518-EF03-4065-9376-D74465FF0E0B}.DebugOther|Any CPU.ActiveCfg = Debug|Any CPU
		{FE5C7518-EF03-4065-9376-D74465FF0E0B}.DebugOther|Any CPU.Build.0 = Debug|Any CPU
		{FE5C7518-EF03-4065-9376-D74465FF0E0B}.Release|Any CPU.ActiveCfg = Release|Any CPU
		{FE5C7518-EF03-4065-9376-D74465FF0E0B}.Release|Any CPU.Build.0 = Release|Any CPU
	EndGlobalSection
	GlobalSection(SolutionProperties) = preSolution
		HideSolutionNode = FALSE
	EndGlobalSection
	GlobalSection(ExtensibilityGlobals) = postSolution
		SolutionGuid = {56480402-0223-412B-B8EE-040B53CDCF78}
	EndGlobalSection
EndGlobal
